
Microsoft Visual Studio Solution File, Format Version 12.00
# Visual Studio 14
VisualStudioVersion = 14.0.25420.1
MinimumVisualStudioVersion = 10.0.40219.1
Project("{FAE04EC0-301F-11D3-BF4B-00C04F79EFBC}") = "Ammo.Portal", "Ammo.Portal\Ammo.Portal.csproj", "{807F6C74-C905-45A5-8706-5415F4140C36}"
EndProject
Project("{FAE04EC0-301F-11D3-BF4B-00C04F79EFBC}") = "Ammo.Domain", "Ammo.Domain\Ammo.Domain.csproj", "{DE8EA80C-0598-4230-8909-A37D877C2F7D}"
EndProject
Project("{00D1A9C2-B5F0-4AF3-8072-F6C62B433612}") = "Ammo.Database", "Ammo.Database\Ammo.Database.sqlproj", "{34B3986A-FDA1-4B82-BB23-308C605BA88B}"
EndProject
Global
	GlobalSection(SolutionConfigurationPlatforms) = preSolution
		Debug|Any CPU = Debug|Any CPU
		Release|Any CPU = Release|Any CPU
	EndGlobalSection
	GlobalSection(ProjectConfigurationPlatforms) = postSolution
		{807F6C74-C905-45A5-8706-5415F4140C36}.Debug|Any CPU.ActiveCfg = Debug|Any CPU
		{807F6C74-C905-45A5-8706-5415F4140C36}.Debug|Any CPU.Build.0 = Debug|Any CPU
		{807F6C74-C905-45A5-8706-5415F4140C36}.Release|Any CPU.ActiveCfg = Release|Any CPU
		{807F6C74-C905-45A5-8706-5415F4140C36}.Release|Any CPU.Build.0 = Release|Any CPU
		{DE8EA80C-0598-4230-8909-A37D877C2F7D}.Debug|Any CPU.ActiveCfg = Debug|Any CPU
		{DE8EA80C-0598-4230-8909-A37D877C2F7D}.Debug|Any CPU.Build.0 = Debug|Any CPU
		{DE8EA80C-0598-4230-8909-A37D877C2F7D}.Release|Any CPU.ActiveCfg = Release|Any CPU
		{DE8EA80C-0598-4230-8909-A37D877C2F7D}.Release|Any CPU.Build.0 = Release|Any CPU
		{34B3986A-FDA1-4B82-BB23-308C605BA88B}.Debug|Any CPU.ActiveCfg = Debug|Any CPU
		{34B3986A-FDA1-4B82-BB23-308C605BA88B}.Debug|Any CPU.Build.0 = Debug|Any CPU
		{34B3986A-FDA1-4B82-BB23-308C605BA88B}.Debug|Any CPU.Deploy.0 = Debug|Any CPU
		{34B3986A-FDA1-4B82-BB23-308C605BA88B}.Release|Any CPU.ActiveCfg = Release|Any CPU
		{34B3986A-FDA1-4B82-BB23-308C605BA88B}.Release|Any CPU.Build.0 = Release|Any CPU
		{34B3986A-FDA1-4B82-BB23-308C605BA88B}.Release|Any CPU.Deploy.0 = Release|Any CPU
	EndGlobalSection
	GlobalSection(SolutionProperties) = preSolution
		HideSolutionNode = FALSE
	EndGlobalSection
EndGlobal
